lockfileVersion: '6.0'

settings:
  autoInstallPeers: true
  excludeLinksFromLockfile: false

dependencies:
  htm:
    specifier: ^3.1.1
    version: 3.1.1

devDependencies:
  rome:
    specifier: ^11.0.0
    version: 11.0.0

packages:

  /@rometools/cli-darwin-arm64@11.0.0:
    resolution: {integrity: sha512-F3vkdY+s3FLIEnAjSbyHTuIPB88cLpccimW4ecid5I7S6GzGG3iUJI4xT00JhH73K4P/qW20/9r+kH1T9Du8Xg==}
    cpu: [arm64]
    os: [darwin]
    requiresBuild: true
    dev: true
    optional: true

  /@rometools/cli-darwin-x64@11.0.0:
    resolution: {integrity: sha512-X6jhtS6Iml4GOzgNtnLwIp/KXXhSdqeVyfv69m/AHnIzx3gQAjPZ7BPnJLvTCbhe4SKHL+uTZYFSCJpkUUKE6w==}
    cpu: [x64]
    os: [darwin]
    requiresBuild: true
    dev: true
    optional: true

  /@rometools/cli-linux-arm64@11.0.0:
    resolution: {integrity: sha512-dktTJJlTpmycBZ2TwhJBcAO8ztK8DdevdyZnFFxdYRvtmJgTjIsC2UFayf/SbKew8B8q1IhI0it+D6ihAeIpeg==}
    cpu: [arm64]
    os: [linux]
    requiresBuild: true
    dev: true
    optional: true

  /@rometools/cli-linux-x64@11.0.0:
    resolution: {integrity: sha512-WVcnXPNdWGUWo0p4NU8YzuthjYR7q+b4vRcjdxtP1DlpphZmSsoC/RSE85nEqRAz8hChcKUansVzOPM8BSsuGA==}
    cpu: [x64]
    os: [linux]
    requiresBuild: true
    dev: true
    optional: true

  /@rometools/cli-win32-arm64@11.0.0:
    resolution: {integrity: sha512-tPj6RThQzS7Q45jqQll7NlTYvNcsg/BEP3LYiiazqSh9FAFnMkrV6ewUcMPKWyAfiyLs7jlz4rRvdNRUSygzfQ==}
    cpu: [arm64]
    os: [win32]
    requiresBuild: true
    dev: true
    optional: true

  /@rometools/cli-win32-x64@11.0.0:
    resolution: {integrity: sha512-bmBai8WHxYjsGk1+je7ZTfCUCWq30WJI3pQM8pzTA674lfGTZ9ymJoZwTaIMSO4rL5V9mlO6uLunsBKso9VqOg==}
    cpu: [x64]
    os: [win32]
    requiresBuild: true
    dev: true
    optional: true

  /htm@3.1.1:
    resolution: {integrity: sha512-983Vyg8NwUE7JkZ6NmOqpCZ+sh1bKv2iYTlUkzlWmA5JD2acKoxd4KVxbMmxX/85mtfdnDmTFoNKcg5DGAvxNQ==}
    dev: false

  /rome@11.0.0:
    resolution: {integrity: sha512-rRo6JOwpMLc3OkeTDRXkrmrDqnxDvZ75GS4f0jLDBNmRgDXWbu0F8eVnJoRn+VbK2AE7vWvhVOMBjnWowcopkQ==}
    engines: {node: '>=14.*'}
    hasBin: true
    requiresBuild: true
    optionalDependencies:
      '@rometools/cli-darwin-arm64': 11.0.0
      '@rometools/cli-darwin-x64': 11.0.0
      '@rometools/cli-linux-arm64': 11.0.0
      '@rometools/cli-linux-x64': 11.0.0
      '@rometools/cli-win32-arm64': 11.0.0
      '@rometools/cli-win32-x64': 11.0.0
    dev: true
